
Microsoft Visual Studio Solution File, Format Version 12.00
# Visual Studio Version 17
VisualStudioVersion = 17.6.33723.286
MinimumVisualStudioVersion = 10.0.40219.1
Project("{FAE04EC0-301F-11D3-BF4B-00C04F79EFBC}") = "proje", "proje\proje.csproj", "{D97C3789-9431-49BE-8AA1-3D1E12A9433D}"
	ProjectSection(ProjectDependencies) = postProject
		{70203750-FB14-422A-A6A7-5BDF9FD00BAA} = {70203750-FB14-422A-A6A7-5BDF9FD00BAA}
	EndProjectSection
EndProject
Project("{FAE04EC0-301F-11D3-BF4B-00C04F79EFBC}") = "Service", "Service\Service.csproj", "{70203750-FB14-422A-A6A7-5BDF9FD00BAA}"
EndProject
Global
	GlobalSection(SolutionConfigurationPlatforms) = preSolution
		Debug|Any CPU = Debug|Any CPU
		Release|Any CPU = Release|Any CPU
	EndGlobalSection
	GlobalSection(ProjectConfigurationPlatforms) = postSolution
		{D97C3789-9431-49BE-8AA1-3D1E12A9433D}.Debug|Any CPU.ActiveCfg = Debug|Any CPU
		{D97C3789-9431-49BE-8AA1-3D1E12A9433D}.Debug|Any CPU.Build.0 = Debug|Any CPU
		{D97C3789-9431-49BE-8AA1-3D1E12A9433D}.Release|Any CPU.ActiveCfg = Release|Any CPU
		{D97C3789-9431-49BE-8AA1-3D1E12A9433D}.Release|Any CPU.Build.0 = Release|Any CPU
		{70203750-FB14-422A-A6A7-5BDF9FD00BAA}.Debug|Any CPU.ActiveCfg = Debug|Any CPU
		{70203750-FB14-422A-A6A7-5BDF9FD00BAA}.Debug|Any CPU.Build.0 = Debug|Any CPU
		{70203750-FB14-422A-A6A7-5BDF9FD00BAA}.Release|Any CPU.ActiveCfg = Release|Any CPU
		{70203750-FB14-422A-A6A7-5BDF9FD00BAA}.Release|Any CPU.Build.0 = Release|Any CPU
	EndGlobalSection
	GlobalSection(SolutionProperties) = preSolution
		HideSolutionNode = FALSE
	EndGlobalSection
	GlobalSection(ExtensibilityGlobals) = postSolution
		SolutionGuid = {409C1043-C4FE-4F04-A889-38641C8B07FF}
	EndGlobalSection
EndGlobal
